
Microsoft Visual Studio Solution File, Format Version 12.00
# Visual Studio Version 16
VisualStudioVersion = 16.0.31025.194
MinimumVisualStudioVersion = 10.0.40219.1
Project("{FAE04EC0-301F-11D3-BF4B-00C04F79EFBC}") = "MoneymattersBankApp", "WindowsFormsApp1\MoneymattersBankApp.csproj", "{E0D41B4D-20D1-48EA-8000-7784CCE74E9C}"
EndProject
Global
	GlobalSection(SolutionConfigurationPlatforms) = preSolution
		Debug|Any CPU = Debug|Any CPU
		Release|Any CPU = Release|Any CPU
	EndGlobalSection
	GlobalSection(ProjectConfigurationPlatforms) = postSolution
		{E0D41B4D-20D1-48EA-8000-7784CCE74E9C}.Debug|Any CPU.ActiveCfg = Debug|Any CPU
		{E0D41B4D-20D1-48EA-8000-7784CCE74E9C}.Debug|Any CPU.Build.0 = Debug|Any CPU
		{E0D41B4D-20D1-48EA-8000-7784CCE74E9C}.Release|Any CPU.ActiveCfg = Release|Any CPU
		{E0D41B4D-20D1-48EA-8000-7784CCE74E9C}.Release|Any CPU.Build.0 = Release|Any CPU
	EndGlobalSection
	GlobalSection(SolutionProperties) = preSolution
		HideSolutionNode = FALSE
	EndGlobalSection
	GlobalSection(ExtensibilityGlobals) = postSolution
		SolutionGuid = {36EFD539-CAD4-4E1D-AB0E-5261B3A058ED}
	EndGlobalSection
EndGlobal
